# This file is automatically @generated by Cargo.
# It is not intended for manual editing.
version = 4

[[package]]
name = "loreweaver-campaign"
version = "0.0.0"
dependencies = [
 "loreweaver-shared",
]

[[package]]
name = "loreweaver-platform"
version = "0.0.0"
dependencies = [
 "loreweaver-shared",
]

[[package]]
name = "loreweaver-shared"
version = "0.0.0"
